PODS:
  - ErrorHandler (0.1.0):
    - ErrorHandler/Core (= 0.1.0)
  - ErrorHandler/Core (0.1.0)
  - ErrorHandler/Rx (0.1.0):
    - ErrorHandler/Core
    - RxCocoa
    - RxSwift
  - RxBlocking (5.1.1):
    - RxSwift (~> 5)
  - RxCocoa (5.1.1):
    - RxRelay (~> 5)
    - RxSwift (~> 5)
  - RxRelay (5.1.1):
    - RxSwift (~> 5)
  - RxSwift (5.1.1)
  - RxTest (5.1.1):
    - RxSwift (~> 5)

DEPENDENCIES:
  - ErrorHandler (from `../`)
  - ErrorHandler/Rx (from `../`)
  - RxBlocking
  - RxTest

SPEC REPOS:
  trunk:
    - RxBlocking
    - RxCocoa
    - RxRelay
    - RxSwift
    - RxTest

EXTERNAL SOURCES:
  ErrorHandler:
    :path: "../"

SPEC CHECKSUMS:
  ErrorHandler: 72a05533acf27d31b329f12d52222c1e67b7b42f
  RxBlocking: 5f700a78cad61ce253ebd37c9a39b5ccc76477b4
  RxCocoa: 32065309a38d29b5b0db858819b5bf9ef038b601
  RxRelay: d77f7d771495f43c556cbc43eebd1bb54d01e8e9
  RxSwift: 81470a2074fa8780320ea5fe4102807cb7118178
  RxTest: 711632d5644dffbeb62c936a521b5b008a1e1faa

PODFILE CHECKSUM: 6f001c8ac21374f8cdc78f7a45e2a6b5f4318402

COCOAPODS: 1.9.3
